{
  "name": "bdxkl-worktree",
  "lockfileVersion": 3,
  "requires": true,
  "packages": {
    "": {
      "dependencies": {
        "@esotericsoftware/spine-canvas": "^4.2.106"
      }
    },
    "node_modules/@esotericsoftware/spine-canvas": {
      "version": "4.2.106",
      "resolved": "https://registry.npmjs.org/@esotericsoftware/spine-canvas/-/spine-canvas-4.2.106.tgz",
      "integrity": "sha512-oP0QI+OHTWvOxmTYmBigfan347kSJF9jwzT0Z3LwnvsnLNZ4/8QJNNl4S/5xdbhhxsBWQBKFbLpkJNNmnTK4TQ==",
      "license": "LicenseRef-LICENSE",
      "dependencies": {
        "@esotericsoftware/spine-core": "4.2.106"
      }
    },
    "node_modules/@esotericsoftware/spine-core": {
      "version": "4.2.106",
      "resolved": "https://registry.npmjs.org/@esotericsoftware/spine-core/-/spine-core-4.2.106.tgz",
      "integrity": "sha512-qmiJ09Ny9agT/wtI9zaLVKI03jdpaCP35i7zHxbfGz7LZWMlXA77wI32pM+UgjLPQgE7JZc359IPcQtwvnjXHQ==",
      "license": "LicenseRef-LICENSE"
    }
  }
}
